
Microsoft Visual Studio Solution File, Format Version 11.00
# Visual Studio 2010
Project("{FAE04EC0-301F-11D3-BF4B-00C04F79EFBC}") = "Assembly-CSharp", "Assembly-CSharp.csproj", "{305ad0c3-9ecc-744f-6730-3104d929ffaa}"
EndProject
Project("{FAE04EC0-301F-11D3-BF4B-00C04F79EFBC}") = "Assembly-CSharp-Editor", "Assembly-CSharp-Editor.csproj", "{c6bf4d7d-b2e6-263d-798e-0e98db00a108}"
EndProject
Global
	GlobalSection(SolutionConfigurationPlatforms) = preSolution
		Debug|Any CPU = Debug|Any CPU
	EndGlobalSection
	GlobalSection(ProjectConfigurationPlatforms) = postSolution
		{305ad0c3-9ecc-744f-6730-3104d929ffaa}.Debug|Any CPU.ActiveCfg = Debug|Any CPU
		{305ad0c3-9ecc-744f-6730-3104d929ffaa}.Debug|Any CPU.Build.0 = Debug|Any CPU
		{c6bf4d7d-b2e6-263d-798e-0e98db00a108}.Debug|Any CPU.ActiveCfg = Debug|Any CPU
		{c6bf4d7d-b2e6-263d-798e-0e98db00a108}.Debug|Any CPU.Build.0 = Debug|Any CPU
	EndGlobalSection
	GlobalSection(SolutionProperties) = preSolution
		HideSolutionNode = FALSE
	EndGlobalSection
EndGlobal
